// !$*UTF8*$!
{
	archiveVersion = 1;
	classes = {
	};
	objectVersion = 50;
	objects = {

/* Begin PBXBuildFile section */
		8C66D17F238C8DA30045C05D /* Shakti.swift in Sources */ = {isa = PBXBuildFile; fileRef = 8C66D17E238C8DA30045C05D /* Shakti.swift */; };
		8CC63FA2238F06D9009D4869 /* NetflixDataTask.swift in Sources */ = {isa = PBXBuildFile; fileRef = 8CC63FA1238F06D9009D4869 /* NetflixDataTask.swift */; };
		8CC63FA42391BCF5009D4869 /* ShaktiTest.swift in Sources */ = {isa = PBXBuildFile; fileRef = 8CC63FA32391BCF5009D4869 /* ShaktiTest.swift */; };
		8CC63FA82391BEFB009D4869 /* ShaktiJson.json in Resources */ = {isa = PBXBuildFile; fileRef = 8CC63FA72391BEFB009D4869 /* ShaktiJson.json */; };
		8CC63FAA2391C3B6009D4869 /* ShaktiJsonNoAPIRoot.json in Resources */ = {isa = PBXBuildFile; fileRef = 8CC63FA92391C3B6009D4869 /* ShaktiJsonNoAPIRoot.json */; };
		8CC63FAC2391C647009D4869 /* ShaktiJsonNoVersion.json in Resources */ = {isa = PBXBuildFile; fileRef = 8CC63FAB2391C646009D4869 /* ShaktiJsonNoVersion.json */; };
		8F03A58421BF802700F466A5 /* AppDelegate.swift in Sources */ = {isa = PBXBuildFile; fileRef = 8F03A58321BF802700F466A5 /* AppDelegate.swift */; };
		8F03A58621BF802700F466A5 /* RatingsViewController.swift in Sources */ = {isa = PBXBuildFile; fileRef = 8F03A58521BF802700F466A5 /* RatingsViewController.swift */; };
		8F03A58921BF802700F466A5 /* Main.storyboard in Resources */ = {isa = PBXBuildFile; fileRef = 8F03A58721BF802700F466A5 /* Main.storyboard */; };
		8F03A58B21BF803800F466A5 /* Assets.xcassets in Resources */ = {isa = PBXBuildFile; fileRef = 8F03A58A21BF803800F466A5 /* Assets.xcassets */; };
		8F03A59721C03AF500F466A5 /* NetflixLoginViewController.swift in Sources */ = {isa = PBXBuildFile; fileRef = 8F03A59621C03AF500F466A5 /* NetflixLoginViewController.swift */; };
		8F28FBDB21EA98BC00FBCFB0 /* NetflixRatingsCell.swift in Sources */ = {isa = PBXBuildFile; fileRef = 8F28FBDA21EA98BC00FBCFB0 /* NetflixRatingsCell.swift */; };
		8F28FBDD21EAA2AD00FBCFB0 /* NetflixRatingsCell.xib in Resources */ = {isa = PBXBuildFile; fileRef = 8F28FBDC21EAA2AD00FBCFB0 /* NetflixRatingsCell.xib */; };
		8F28FBDF21EBCCDC00FBCFB0 /* LoadingRatingsCell.xib in Resources */ = {isa = PBXBuildFile; fileRef = 8F28FBDE21EBCCDC00FBCFB0 /* LoadingRatingsCell.xib */; };
		8F28FBE121EBD68200FBCFB0 /* RatingsDetailViewController.swift in Sources */ = {isa = PBXBuildFile; fileRef = 8F28FBE021EBD68200FBCFB0 /* RatingsDetailViewController.swift */; };
		8F28FBE321EBE44F00FBCFB0 /* NetflixRatingsManager.swift in Sources */ = {isa = PBXBuildFile; fileRef = 8F28FBE221EBE44F00FBCFB0 /* NetflixRatingsManager.swift */; };
		8F5A58A221C1D9700058B77A /* UserCredential.swift in Sources */ = {isa = PBXBuildFile; fileRef = 8F5A58A121C1D9700058B77A /* UserCredential.swift */; };
		8F76AB0D22090A2100B7529A /* RatingsViewControllerTest.swift in Sources */ = {isa = PBXBuildFile; fileRef = 8F76AB0C22090A2100B7529A /* RatingsViewControllerTest.swift */; };
		8F7B04092214DF5400A0EBA7 /* RatingsFetcherTest.swift in Sources */ = {isa = PBXBuildFile; fileRef = 8F7B04082214DF5400A0EBA7 /* RatingsFetcherTest.swift */; };
		8F7B040B221502E100A0EBA7 /* LoadingRatingsCell.swift in Sources */ = {isa = PBXBuildFile; fileRef = 8F7B040A221502E100A0EBA7 /* LoadingRatingsCell.swift */; };
		8F7B040D2216402700A0EBA7 /* UIImageView+DownloadImage.swift in Sources */ = {isa = PBXBuildFile; fileRef = 8F7B040C2216402700A0EBA7 /* UIImageView+DownloadImage.swift */; };
		8F8E85F321D814D60097602C /* MockWKNavigationAction.swift in Sources */ = {isa = PBXBuildFile; fileRef = 8F8E85F221D814D60097602C /* MockWKNavigationAction.swift */; };
		8F8E85F621D95CED0097602C /* NetflixRatingsList.swift in Sources */ = {isa = PBXBuildFile; fileRef = 8F8E85F521D95CED0097602C /* NetflixRatingsList.swift */; };
		8F8E85F821D95D290097602C /* NetflixRating.swift in Sources */ = {isa = PBXBuildFile; fileRef = 8F8E85F721D95D290097602C /* NetflixRating.swift */; };
		8F8E85FA21D96ABD0097602C /* RatingsFetcher.swift in Sources */ = {isa = PBXBuildFile; fileRef = 8F8E85F921D96ABD0097602C /* RatingsFetcher.swift */; };
		8FA78DEC21C6FB7F00814E05 /* NetflixCredential.swift in Sources */ = {isa = PBXBuildFile; fileRef = 8FA78DEB21C6FB7F00814E05 /* NetflixCredential.swift */; };
		8FA78DF121C7104E00814E05 /* UserCredentialStore.swift in Sources */ = {isa = PBXBuildFile; fileRef = 8FA78DF021C7104E00814E05 /* UserCredentialStore.swift */; };
		8FAF780821C9829E0066F51A /* UserCredentialStoreTests.swift in Sources */ = {isa = PBXBuildFile; fileRef = 8FAF780721C9829E0066F51A /* UserCredentialStoreTests.swift */; };
		8FDBC31A220BA4B60018A513 /* RatingsDetailViewControllerTest.swift in Sources */ = {isa = PBXBuildFile; fileRef = 8FDBC319220BA4B60018A513 /* RatingsDetailViewControllerTest.swift */; };
		8FDBC31C220CC43C0018A513 /* NetflixRatingsListTest.swift in Sources */ = {isa = PBXBuildFile; fileRef = 8FDBC31B220CC43C0018A513 /* NetflixRatingsListTest.swift */; };
		8FF66E4821F528B0001ED348 /* Common.swift in Sources */ = {isa = PBXBuildFile; fileRef = 8FF66E4721F528B0001ED348 /* Common.swift */; };
		8FFD4A8E2224ADC7003018B5 /* String+deencodeHexToUTF8.swift in Sources */ = {isa = PBXBuildFile; fileRef = 8FFD4A8D2224ADC7003018B5 /* String+deencodeHexToUTF8.swift */; };
		8FFF272E21D454CE006E45FC /* NetflixCredentialTest.swift in Sources */ = {isa = PBXBuildFile; fileRef = 8FFF272D21D454CE006E45FC /* NetflixCredentialTest.swift */; };
		8FFF4BE921D550E700FEAA59 /* netflix.cer in Resources */ = {isa = PBXBuildFile; fileRef = 8FFF4BE821D550E700FEAA59 /* netflix.cer */; };
		8FFF4BED21D562B200FEAA59 /* NetflixLoginViewControllerTests.swift in Sources */ = {isa = PBXBuildFile; fileRef = 8FFF4BEC21D562B200FEAA59 /* NetflixLoginViewControllerTests.swift */; };
		8FFF4BF021D576F300FEAA59 /* netflix.cer in Resources */ = {isa = PBXBuildFile; fileRef = 8FFF4BE821D550E700FEAA59 /* netflix.cer */; };
		8FFF4BF421D6CCD100FEAA59 /* MockURLProtectionSpace.swift in Sources */ = {isa = PBXBuildFile; fileRef = 8FFF4BF321D6CCD100FEAA59 /* MockURLProtectionSpace.swift */; };
		8FFF4BF721D6EF5700FEAA59 /* bad-Netflix-self-signed.cer in Resources */ = {isa = PBXBuildFile; fileRef = 8FFF4BF521D6ECB400FEAA59 /* bad-Netflix-self-signed.cer */; };
/* End PBXBuildFile section */

/* Begin PBXContainerItemProxy section */
		8FAF780221C982360066F51A /* PBXContainerItemProxy */ = {
			isa = PBXContainerItemProxy;
			containerPortal = 8F03A57821BF802700F466A5 /* Project object */;
			proxyType = 1;
			remoteGlobalIDString = 8F03A57F21BF802700F466A5;
			remoteInfo = RatingsExporter;
		};
/* End PBXContainerItemProxy section */

/* Begin PBXFileReference section */
		8C66D17E238C8DA30045C05D /* Shakti.swift */ = {isa = PBXFileReference; lastKnownFileType = sourcecode.swift; path = Shakti.swift; sourceTree = "<group>"; };
		8CC63FA1238F06D9009D4869 /* NetflixDataTask.swift */ = {isa = PBXFileReference; lastKnownFileType = sourcecode.swift; path = NetflixDataTask.swift; sourceTree = "<group>"; };
		8CC63FA32391BCF5009D4869 /* ShaktiTest.swift */ = {isa = PBXFileReference; lastKnownFileType = sourcecode.swift; path = ShaktiTest.swift; sourceTree = "<group>"; };
		8CC63FA72391BEFB009D4869 /* ShaktiJson.json */ = {isa = PBXFileReference; fileEncoding = 4; lastKnownFileType = text.json; path = ShaktiJson.json; sourceTree = "<group>"; };
		8CC63FA92391C3B6009D4869 /* ShaktiJsonNoAPIRoot.json */ = {isa = PBXFileReference; fileEncoding = 4; lastKnownFileType = text.json; path = ShaktiJsonNoAPIRoot.json; sourceTree = "<group>"; };
		8CC63FAB2391C646009D4869 /* ShaktiJsonNoVersion.json */ = {isa = PBXFileReference; fileEncoding = 4; lastKnownFileType = text.json; path = ShaktiJsonNoVersion.json; sourceTree = "<group>"; };
		8F03A58021BF802700F466A5 /* RatingsExporter.app */ = {isa = PBXFileReference; explicitFileType = wrapper.application; includeInIndex = 0; path = RatingsExporter.app; sourceTree = BUILT_PRODUCTS_DIR; };
		8F03A58321BF802700F466A5 /* AppDelegate.swift */ = {isa = PBXFileReference; lastKnownFileType = sourcecode.swift; path = AppDelegate.swift; sourceTree = "<group>"; };
		8F03A58521BF802700F466A5 /* RatingsViewController.swift */ = {isa = PBXFileReference; lastKnownFileType = sourcecode.swift; path = RatingsViewController.swift; sourceTree = "<group>"; };
		8F03A58821BF802700F466A5 /* Base */ = {isa = PBXFileReference; lastKnownFileType = file.storyboard; name = Base; path = Base.lproj/Main.storyboard; sourceTree = "<group>"; };
		8F03A58A21BF803800F466A5 /* Assets.xcassets */ = {isa = PBXFileReference; lastKnownFileType = folder.assetcatalog; path = Assets.xcassets; sourceTree = "<group>"; };
		8F03A58F21BF803800F466A5 /* Info.plist */ = {isa = PBXFileReference; lastKnownFileType = text.plist.xml; path = Info.plist; sourceTree = "<group>"; };
		8F03A59621C03AF500F466A5 /* NetflixLoginViewController.swift */ = {isa = PBXFileReference; lastKnownFileType = sourcecode.swift; path = NetflixLoginViewController.swift; sourceTree = "<group>"; };
		8F28FBDA21EA98BC00FBCFB0 /* NetflixRatingsCell.swift */ = {isa = PBXFileReference; lastKnownFileType = sourcecode.swift; path = NetflixRatingsCell.swift; sourceTree = "<group>"; };
		8F28FBDC21EAA2AD00FBCFB0 /* NetflixRatingsCell.xib */ = {isa = PBXFileReference; lastKnownFileType = file.xib; path = NetflixRatingsCell.xib; sourceTree = "<group>"; };
		8F28FBDE21EBCCDC00FBCFB0 /* LoadingRatingsCell.xib */ = {isa = PBXFileReference; lastKnownFileType = file.xib; path = LoadingRatingsCell.xib; sourceTree = "<group>"; };
		8F28FBE021EBD68200FBCFB0 /* RatingsDetailViewController.swift */ = {isa = PBXFileReference; lastKnownFileType = sourcecode.swift; path = RatingsDetailViewController.swift; sourceTree = "<group>"; };
		8F28FBE221EBE44F00FBCFB0 /* NetflixRatingsManager.swift */ = {isa = PBXFileReference; lastKnownFileType = sourcecode.swift; path = NetflixRatingsManager.swift; sourceTree = "<group>"; };
		8F5A58A121C1D9700058B77A /* UserCredential.swift */ = {isa = PBXFileReference; lastKnownFileType = sourcecode.swift; path = UserCredential.swift; sourceTree = "<group>"; };
		8F76AB0C22090A2100B7529A /* RatingsViewControllerTest.swift */ = {isa = PBXFileReference; lastKnownFileType = sourcecode.swift; path = RatingsViewControllerTest.swift; sourceTree = "<group>"; };
		8F7B04082214DF5400A0EBA7 /* RatingsFetcherTest.swift */ = {isa = PBXFileReference; lastKnownFileType = sourcecode.swift; path = RatingsFetcherTest.swift; sourceTree = "<group>"; };
		8F7B040A221502E100A0EBA7 /* LoadingRatingsCell.swift */ = {isa = PBXFileReference; lastKnownFileType = sourcecode.swift; path = LoadingRatingsCell.swift; sourceTree = "<group>"; };
		8F7B040C2216402700A0EBA7 /* UIImageView+DownloadImage.swift */ = {isa = PBXFileReference; lastKnownFileType = sourcecode.swift; path = "UIImageView+DownloadImage.swift"; sourceTree = "<group>"; };
		8F8E85F221D814D60097602C /* MockWKNavigationAction.swift */ = {isa = PBXFileReference; lastKnownFileType = sourcecode.swift; path = MockWKNavigationAction.swift; sourceTree = "<group>"; };
		8F8E85F521D95CED0097602C /* NetflixRatingsList.swift */ = {isa = PBXFileReference; lastKnownFileType = sourcecode.swift; path = NetflixRatingsList.swift; sourceTree = "<group>"; };
		8F8E85F721D95D290097602C /* NetflixRating.swift */ = {isa = PBXFileReference; lastKnownFileType = sourcecode.swift; path = NetflixRating.swift; sourceTree = "<group>"; };
		8F8E85F921D96ABD0097602C /* RatingsFetcher.swift */ = {isa = PBXFileReference; lastKnownFileType = sourcecode.swift; path = RatingsFetcher.swift; sourceTree = "<group>"; };
		8FA78DEB21C6FB7F00814E05 /* NetflixCredential.swift */ = {isa = PBXFileReference; lastKnownFileType = sourcecode.swift; path = NetflixCredential.swift; sourceTree = "<group>"; };
		8FA78DF021C7104E00814E05 /* UserCredentialStore.swift */ = {isa = PBXFileReference; lastKnownFileType = sourcecode.swift; path = UserCredentialStore.swift; sourceTree = "<group>"; };
		8FAF77FD21C982360066F51A /* RatingsExporterTests.xctest */ = {isa = PBXFileReference; explicitFileType = wrapper.cfbundle; includeInIndex = 0; path = RatingsExporterTests.xctest; sourceTree = BUILT_PRODUCTS_DIR; };
		8FAF780121C982360066F51A /* Info.plist */ = {isa = PBXFileReference; lastKnownFileType = text.plist.xml; path = Info.plist; sourceTree = "<group>"; };
		8FAF780721C9829E0066F51A /* UserCredentialStoreTests.swift */ = {isa = PBXFileReference; lastKnownFileType = sourcecode.swift; path = UserCredentialStoreTests.swift; sourceTree = "<group>"; };
		8FDBC319220BA4B60018A513 /* RatingsDetailViewControllerTest.swift */ = {isa = PBXFileReference; lastKnownFileType = sourcecode.swift; path = RatingsDetailViewControllerTest.swift; sourceTree = "<group>"; };
		8FDBC31B220CC43C0018A513 /* NetflixRatingsListTest.swift */ = {isa = PBXFileReference; lastKnownFileType = sourcecode.swift; path = NetflixRatingsListTest.swift; sourceTree = "<group>"; };
		8FF66E4721F528B0001ED348 /* Common.swift */ = {isa = PBXFileReference; lastKnownFileType = sourcecode.swift; path = Common.swift; sourceTree = "<group>"; };
		8FFD4A8D2224ADC7003018B5 /* String+deencodeHexToUTF8.swift */ = {isa = PBXFileReference; lastKnownFileType = sourcecode.swift; path = "String+deencodeHexToUTF8.swift"; sourceTree = "<group>"; };
		8FFF272D21D454CE006E45FC /* NetflixCredentialTest.swift */ = {isa = PBXFileReference; lastKnownFileType = sourcecode.swift; path = NetflixCredentialTest.swift; sourceTree = "<group>"; };
		8FFF4BE821D550E700FEAA59 /* netflix.cer */ = {isa = PBXFileReference; lastKnownFileType = file; path = netflix.cer; sourceTree = "<group>"; };
		8FFF4BEC21D562B200FEAA59 /* NetflixLoginViewControllerTests.swift */ = {isa = PBXFileReference; lastKnownFileType = sourcecode.swift; path = NetflixLoginViewControllerTests.swift; sourceTree = "<group>"; };
		8FFF4BF321D6CCD100FEAA59 /* MockURLProtectionSpace.swift */ = {isa = PBXFileReference; lastKnownFileType = sourcecode.swift; path = MockURLProtectionSpace.swift; sourceTree = "<group>"; };
		8FFF4BF521D6ECB400FEAA59 /* bad-Netflix-self-signed.cer */ = {isa = PBXFileReference; fileEncoding = 4; lastKnownFileType = text; path = "bad-Netflix-self-signed.cer"; sourceTree = "<group>"; };
/* End PBXFileReference section */

/* Begin PBXFrameworksBuildPhase section */
		8F03A57D21BF802700F466A5 /* Frameworks */ = {
			isa = PBXFrameworksBuildPhase;
			buildActionMask = 2147483647;
			files = (
			);
			runOnlyForDeploymentPostprocessing = 0;
		};
		8FAF77FA21C982360066F51A /* Frameworks */ = {
			isa = PBXFrameworksBuildPhase;
			buildActionMask = 2147483647;
			files = (
			);
			runOnlyForDeploymentPostprocessing = 0;
		};
/* End PBXFrameworksBuildPhase section */

/* Begin PBXGroup section */
		8CC63FAD2391CB8B009D4869 /* Model Tests */ = {
			isa = PBXGroup;
			children = (
				8CC63FAE2391CBAA009D4869 /* Credential Tests */,
				8FDBC31B220CC43C0018A513 /* NetflixRatingsListTest.swift */,
				8CC63FA32391BCF5009D4869 /* ShaktiTest.swift */,
				8F7B04082214DF5400A0EBA7 /* RatingsFetcherTest.swift */,
			);
			path = "Model Tests";
			sourceTree = "<group>";
		};
		8CC63FAE2391CBAA009D4869 /* Credential Tests */ = {
			isa = PBXGroup;
			children = (
				8FFF272D21D454CE006E45FC /* NetflixCredentialTest.swift */,
				8FAF780721C9829E0066F51A /* UserCredentialStoreTests.swift */,
			);
			path = "Credential Tests";
			sourceTree = "<group>";
		};
		8CC63FAF2391CC24009D4869 /* View Controller Tests */ = {
			isa = PBXGroup;
			children = (
				8FFF4BEC21D562B200FEAA59 /* NetflixLoginViewControllerTests.swift */,
				8FDBC319220BA4B60018A513 /* RatingsDetailViewControllerTest.swift */,
				8F76AB0C22090A2100B7529A /* RatingsViewControllerTest.swift */,
			);
			path = "View Controller Tests";
			sourceTree = "<group>";
		};
		8F03A57721BF802700F466A5 = {
			isa = PBXGroup;
			children = (
				8F03A58221BF802700F466A5 /* RatingsExporter */,
				8FAF77FE21C982360066F51A /* RatingsExporterTests */,
				8F03A58121BF802700F466A5 /* Products */,
			);
			sourceTree = "<group>";
		};
		8F03A58121BF802700F466A5 /* Products */ = {
			isa = PBXGroup;
			children = (
				8F03A58021BF802700F466A5 /* RatingsExporter.app */,
				8FAF77FD21C982360066F51A /* RatingsExporterTests.xctest */,
			);
			name = Products;
			sourceTree = "<group>";
		};
		8F03A58221BF802700F466A5 /* RatingsExporter */ = {
			isa = PBXGroup;
			children = (
				8FFD4A8C2224AD7D003018B5 /* Extensions */,
				8FFF4BE721D550BF00FEAA59 /* Certs */,
				8FA78DEE21C6FBA100814E05 /* Models */,
				8F03A59521C039D900F466A5 /* View Controllers */,
				8F03A58321BF802700F466A5 /* AppDelegate.swift */,
				8FF66E4721F528B0001ED348 /* Common.swift */,
				8F03A58721BF802700F466A5 /* Main.storyboard */,
				8F28FBDC21EAA2AD00FBCFB0 /* NetflixRatingsCell.xib */,
				8F28FBDE21EBCCDC00FBCFB0 /* LoadingRatingsCell.xib */,
				8F03A58A21BF803800F466A5 /* Assets.xcassets */,
				8F03A58F21BF803800F466A5 /* Info.plist */,
			);
			path = RatingsExporter;
			sourceTree = "<group>";
		};
		8F03A59521C039D900F466A5 /* View Controllers */ = {
			isa = PBXGroup;
			children = (
				8F03A58521BF802700F466A5 /* RatingsViewController.swift */,
				8F03A59621C03AF500F466A5 /* NetflixLoginViewController.swift */,
				8F28FBDA21EA98BC00FBCFB0 /* NetflixRatingsCell.swift */,
				8F28FBE021EBD68200FBCFB0 /* RatingsDetailViewController.swift */,
				8F7B040A221502E100A0EBA7 /* LoadingRatingsCell.swift */,
			);
			path = "View Controllers";
			sourceTree = "<group>";
		};
		8FA78DEE21C6FBA100814E05 /* Models */ = {
			isa = PBXGroup;
			children = (
				8FA78DEF21C6FBAB00814E05 /* Credentials */,
				8F8E85F521D95CED0097602C /* NetflixRatingsList.swift */,
				8F8E85F721D95D290097602C /* NetflixRating.swift */,
				8F8E85F921D96ABD0097602C /* RatingsFetcher.swift */,
				8F28FBE221EBE44F00FBCFB0 /* NetflixRatingsManager.swift */,
				8C66D17E238C8DA30045C05D /* Shakti.swift */,
				8CC63FA1238F06D9009D4869 /* NetflixDataTask.swift */,
			);
			path = Models;
			sourceTree = "<group>";
		};
		8FA78DEF21C6FBAB00814E05 /* Credentials */ = {
			isa = PBXGroup;
			children = (
				8F5A58A121C1D9700058B77A /* UserCredential.swift */,
				8FA78DEB21C6FB7F00814E05 /* NetflixCredential.swift */,
				8FA78DF021C7104E00814E05 /* UserCredentialStore.swift */,
			);
			path = Credentials;
			sourceTree = "<group>";
		};
		8FAF77FE21C982360066F51A /* RatingsExporterTests */ = {
			isa = PBXGroup;
			children = (
				8FFF4BF221D6CCAF00FEAA59 /* Mock Objects */,
				8FFF4BEE21D5757300FEAA59 /* Resources */,
				8CC63FAD2391CB8B009D4869 /* Model Tests */,
				8CC63FAF2391CC24009D4869 /* View Controller Tests */,
				8FAF780121C982360066F51A /* Info.plist */,
			);
			path = RatingsExporterTests;
			sourceTree = "<group>";
		};
		8FFD4A8C2224AD7D003018B5 /* Extensions */ = {
			isa = PBXGroup;
			children = (
				8F7B040C2216402700A0EBA7 /* UIImageView+DownloadImage.swift */,
				8FFD4A8D2224ADC7003018B5 /* String+deencodeHexToUTF8.swift */,
			);
			path = Extensions;
			sourceTree = "<group>";
		};
		8FFF4BE721D550BF00FEAA59 /* Certs */ = {
			isa = PBXGroup;
			children = (
				8FFF4BE821D550E700FEAA59 /* netflix.cer */,
			);
			path = Certs;
			sourceTree = "<group>";
		};
		8FFF4BEE21D5757300FEAA59 /* Resources */ = {
			isa = PBXGroup;
			children = (
				8CC63FAB2391C646009D4869 /* ShaktiJsonNoVersion.json */,
				8CC63FA92391C3B6009D4869 /* ShaktiJsonNoAPIRoot.json */,
				8CC63FA72391BEFB009D4869 /* ShaktiJson.json */,
				8FFF4BEF21D5758000FEAA59 /* Bad Certificates */,
			);
			path = Resources;
			sourceTree = "<group>";
		};
		8FFF4BEF21D5758000FEAA59 /* Bad Certificates */ = {
			isa = PBXGroup;
			children = (
				8FFF4BF521D6ECB400FEAA59 /* bad-Netflix-self-signed.cer */,
			);
			path = "Bad Certificates";
			sourceTree = "<group>";
		};
		8FFF4BF221D6CCAF00FEAA59 /* Mock Objects */ = {
			isa = PBXGroup;
			children = (
				8FFF4BF321D6CCD100FEAA59 /* MockURLProtectionSpace.swift */,
				8F8E85F221D814D60097602C /* MockWKNavigationAction.swift */,
			);
			path = "Mock Objects";
			sourceTree = "<group>";
		};
/* End PBXGroup section */

/* Begin PBXNativeTarget section */
		8F03A57F21BF802700F466A5 /* RatingsExporter */ = {
			isa = PBXNativeTarget;
			buildConfigurationList = 8F03A59221BF803800F466A5 /* Build configuration list for PBXNativeTarget "RatingsExporter" */;
			buildPhases = (
				8F03A57C21BF802700F466A5 /* Sources */,
				8F03A57D21BF802700F466A5 /* Frameworks */,
				8F03A57E21BF802700F466A5 /* Resources */,
			);
			buildRules = (
			);
			dependencies = (
			);
			name = RatingsExporter;
			productName = RatingsExporter;
			productReference = 8F03A58021BF802700F466A5 /* RatingsExporter.app */;
			productType = "com.apple.product-type.application";
		};
		8FAF77FC21C982360066F51A /* RatingsExporterTests */ = {
			isa = PBXNativeTarget;
			buildConfigurationList = 8FAF780421C982360066F51A /* Build configuration list for PBXNativeTarget "RatingsExporterTests" */;
			buildPhases = (
				8FAF77F921C982360066F51A /* Sources */,
				8FAF77FA21C982360066F51A /* Frameworks */,
				8FAF77FB21C982360066F51A /* Resources */,
			);
			buildRules = (
			);
			dependencies = (
				8FAF780321C982360066F51A /* PBXTargetDependency */,
			);
			name = RatingsExporterTests;
			productName = RatingsExporterTests;
			productReference = 8FAF77FD21C982360066F51A /* RatingsExporterTests.xctest */;
			productType = "com.apple.product-type.bundle.unit-test";
		};
/* End PBXNativeTarget section */

/* Begin PBXProject section */
		8F03A57821BF802700F466A5 /* Project object */ = {
			isa = PBXProject;
			attributes = {
				LastSwiftUpdateCheck = 1010;
				LastUpgradeCheck = 1010;
				ORGANIZATIONNAME = "Jason Beck";
				TargetAttributes = {
					8F03A57F21BF802700F466A5 = {
						CreatedOnToolsVersion = 10.1;
						LastSwiftMigration = 1030;
					};
					8FAF77FC21C982360066F51A = {
						CreatedOnToolsVersion = 10.1;
						LastSwiftMigration = 1030;
						TestTargetID = 8F03A57F21BF802700F466A5;
					};
				};
			};
			buildConfigurationList = 8F03A57B21BF802700F466A5 /* Build configuration list for PBXProject "RatingsExporter" */;
			compatibilityVersion = "Xcode 9.3";
			developmentRegion = en;
			hasScannedForEncodings = 0;
			knownRegions = (
				en,
				Base,
			);
			mainGroup = 8F03A57721BF802700F466A5;
			productRefGroup = 8F03A58121BF802700F466A5 /* Products */;
			projectDirPath = "";
			projectRoot = "";
			targets = (
				8F03A57F21BF802700F466A5 /* RatingsExporter */,
				8FAF77FC21C982360066F51A /* RatingsExporterTests */,
			);
		};
/* End PBXProject section */

/* Begin PBXResourcesBuildPhase section */
		8F03A57E21BF802700F466A5 /* Resources */ = {
			isa = PBXResourcesBuildPhase;
			buildActionMask = 2147483647;
			files = (
				8FFF4BE921D550E700FEAA59 /* netflix.cer in Resources */,
				8F28FBDD21EAA2AD00FBCFB0 /* NetflixRatingsCell.xib in Resources */,
				8F03A58B21BF803800F466A5 /* Assets.xcassets in Resources */,
				8F03A58921BF802700F466A5 /* Main.storyboard in Resources */,
				8F28FBDF21EBCCDC00FBCFB0 /* LoadingRatingsCell.xib in Resources */,
			);
			runOnlyForDeploymentPostprocessing = 0;
		};
		8FAF77FB21C982360066F51A /* Resources */ = {
			isa = PBXResourcesBuildPhase;
			buildActionMask = 2147483647;
			files = (
				8FFF4BF721D6EF5700FEAA59 /* bad-Netflix-self-signed.cer in Resources */,
				8CC63FAA2391C3B6009D4869 /* ShaktiJsonNoAPIRoot.json in Resources */,
				8FFF4BF021D576F300FEAA59 /* netflix.cer in Resources */,
				8CC63FAC2391C647009D4869 /* ShaktiJsonNoVersion.json in Resources */,
				8CC63FA82391BEFB009D4869 /* ShaktiJson.json in Resources */,
			);
			runOnlyForDeploymentPostprocessing = 0;
		};
/* End PBXResourcesBuildPhase section */

/* Begin PBXSourcesBuildPhase section */
		8F03A57C21BF802700F466A5 /* Sources */ = {
			isa = PBXSourcesBuildPhase;
			buildActionMask = 2147483647;
			files = (
				8F03A59721C03AF500F466A5 /* NetflixLoginViewController.swift in Sources */,
				8FFD4A8E2224ADC7003018B5 /* String+deencodeHexToUTF8.swift in Sources */,
				8F28FBE321EBE44F00FBCFB0 /* NetflixRatingsManager.swift in Sources */,
				8FF66E4821F528B0001ED348 /* Common.swift in Sources */,
				8F7B040B221502E100A0EBA7 /* LoadingRatingsCell.swift in Sources */,
				8F28FBDB21EA98BC00FBCFB0 /* NetflixRatingsCell.swift in Sources */,
				8FA78DF121C7104E00814E05 /* UserCredentialStore.swift in Sources */,
				8C66D17F238C8DA30045C05D /* Shakti.swift in Sources */,
				8FA78DEC21C6FB7F00814E05 /* NetflixCredential.swift in Sources */,
				8F5A58A221C1D9700058B77A /* UserCredential.swift in Sources */,
				8F8E85F621D95CED0097602C /* NetflixRatingsList.swift in Sources */,
				8CC63FA2238F06D9009D4869 /* NetflixDataTask.swift in Sources */,
				8F8E85F821D95D290097602C /* NetflixRating.swift in Sources */,
				8F03A58621BF802700F466A5 /* RatingsViewController.swift in Sources */,
				8F03A58421BF802700F466A5 /* AppDelegate.swift in Sources */,
				8F28FBE121EBD68200FBCFB0 /* RatingsDetailViewController.swift in Sources */,
				8F8E85FA21D96ABD0097602C /* RatingsFetcher.swift in Sources */,
				8F7B040D2216402700A0EBA7 /* UIImageView+DownloadImage.swift in Sources */,
			);
			runOnlyForDeploymentPostprocessing = 0;
		};
		8FAF77F921C982360066F51A /* Sources */ = {
			isa = PBXSourcesBuildPhase;
			buildActionMask = 2147483647;
			files = (
				8F7B04092214DF5400A0EBA7 /* RatingsFetcherTest.swift in Sources */,
				8FDBC31C220CC43C0018A513 /* NetflixRatingsListTest.swift in Sources */,
				8FFF272E21D454CE006E45FC /* NetflixCredentialTest.swift in Sources */,
				8CC63FA42391BCF5009D4869 /* ShaktiTest.swift in Sources */,
				8FFF4BED21D562B200FEAA59 /* NetflixLoginViewControllerTests.swift in Sources */,
				8FDBC31A220BA4B60018A513 /* RatingsDetailViewControllerTest.swift in Sources */,
				8F8E85F321D814D60097602C /* MockWKNavigationAction.swift in Sources */,
				8FAF780821C9829E0066F51A /* UserCredentialStoreTests.swift in Sources */,
				8FFF4BF421D6CCD100FEAA59 /* MockURLProtectionSpace.swift in Sources */,
				8F76AB0D22090A2100B7529A /* RatingsViewControllerTest.swift in Sources */,
			);
			runOnlyForDeploymentPostprocessing = 0;
		};
/* End PBXSourcesBuildPhase section */

/* Begin PBXTargetDependency section */
		8FAF780321C982360066F51A /* PBXTargetDependency */ = {
			isa = PBXTargetDependency;
			target = 8F03A57F21BF802700F466A5 /* RatingsExporter */;
			targetProxy = 8FAF780221C982360066F51A /* PBXContainerItemProxy */;
		};
/* End PBXTargetDependency section */

/* Begin PBXVariantGroup section */
		8F03A58721BF802700F466A5 /* Main.storyboard */ = {
			isa = PBXVariantGroup;
			children = (
				8F03A58821BF802700F466A5 /* Base */,
			);
			name = Main.storyboard;
			sourceTree = "<group>";
		};
/* End PBXVariantGroup section */

/* Begin XCBuildConfiguration section */
		8F03A59021BF803800F466A5 /* Debug */ = {
			isa = XCBuildConfiguration;
			buildSettings = {
				ALWAYS_SEARCH_USER_PATHS = NO;
				CLANG_ANALYZER_NONNULL = YES;
				CLANG_ANALYZER_NUMBER_OBJECT_CONVERSION = YES_AGGRESSIVE;
				CLANG_CXX_LANGUAGE_STANDARD = "gnu++14";
				CLANG_CXX_LIBRARY = "libc++";
				CLANG_ENABLE_MODULES = YES;
				CLANG_ENABLE_OBJC_ARC = YES;
				CLANG_ENABLE_OBJC_WEAK = YES;
				CLANG_WARN_BLOCK_CAPTURE_AUTORELEASING = YES;
				CLANG_WARN_BOOL_CONVERSION = YES;
				CLANG_WARN_COMMA = YES;
				CLANG_WARN_CONSTANT_CONVERSION = YES;
				CLANG_WARN_DEPRECATED_OBJC_IMPLEMENTATIONS = YES;
				CLANG_WARN_DIRECT_OBJC_ISA_USAGE = YES_ERROR;
				CLANG_WARN_DOCUMENTATION_COMMENTS = YES;
				CLANG_WARN_EMPTY_BODY = YES;
				CLANG_WARN_ENUM_CONVERSION = YES;
				CLANG_WARN_INFINITE_RECURSION = YES;
				CLANG_WARN_INT_CONVERSION = YES;
				CLANG_WARN_NON_LITERAL_NULL_CONVERSION = YES;
				CLANG_WARN_OBJC_IMPLICIT_RETAIN_SELF = YES;
				CLANG_WARN_OBJC_LITERAL_CONVERSION = YES;
				CLANG_WARN_OBJC_ROOT_CLASS = YES_ERROR;
				CLANG_WARN_RANGE_LOOP_ANALYSIS = YES;
				CLANG_WARN_STRICT_PROTOTYPES = YES;
				CLANG_WARN_SUSPICIOUS_MOVE = YES;
				CLANG_WARN_UNGUARDED_AVAILABILITY = YES_AGGRESSIVE;
				CLANG_WARN_UNREACHABLE_CODE = YES;
				CLANG_WARN__DUPLICATE_METHOD_MATCH = YES;
				CODE_SIGN_IDENTITY = "iPhone Developer";
				COPY_PHASE_STRIP = NO;
				DEBUG_INFORMATION_FORMAT = dwarf;
				ENABLE_STRICT_OBJC_MSGSEND = YES;
				ENABLE_TESTABILITY = YES;
				GCC_C_LANGUAGE_STANDARD = gnu11;
				GCC_DYNAMIC_NO_PIC = NO;
				GCC_NO_COMMON_BLOCKS = YES;
				GCC_OPTIMIZATION_LEVEL = 0;
				GCC_PREPROCESSOR_DEFINITIONS = (
					"DEBUG=1",
					"$(inherited)",
				);
				GCC_WARN_64_TO_32_BIT_CONVERSION = YES;
				GCC_WARN_ABOUT_RETURN_TYPE = YES_ERROR;
				GCC_WARN_UNDECLARED_SELECTOR = YES;
				GCC_WARN_UNINITIALIZED_AUTOS = YES_AGGRESSIVE;
				GCC_WARN_UNUSED_FUNCTION = YES;
				GCC_WARN_UNUSED_VARIABLE = YES;
				IPHONEOS_DEPLOYMENT_TARGET = 12.1;
				MTL_ENABLE_DEBUG_INFO = INCLUDE_SOURCE;
				MTL_FAST_MATH = YES;
				ONLY_ACTIVE_ARCH = YES;
				SDKROOT = iphoneos;
				SWIFT_ACTIVE_COMPILATION_CONDITIONS = DEBUG;
				SWIFT_OPTIMIZATION_LEVEL = "-Onone";
			};
			name = Debug;
		};
		8F03A59121BF803800F466A5 /* Release */ = {
			isa = XCBuildConfiguration;
			buildSettings = {
				ALWAYS_SEARCH_USER_PATHS = NO;
				CLANG_ANALYZER_NONNULL = YES;
				CLANG_ANALYZER_NUMBER_OBJECT_CONVERSION = YES_AGGRESSIVE;
				CLANG_CXX_LANGUAGE_STANDARD = "gnu++14";
				CLANG_CXX_LIBRARY = "libc++";
				CLANG_ENABLE_MODULES = YES;
				CLANG_ENABLE_OBJC_ARC = YES;
				CLANG_ENABLE_OBJC_WEAK = YES;
				CLANG_WARN_BLOCK_CAPTURE_AUTORELEASING = YES;
				CLANG_WARN_BOOL_CONVERSION = YES;
				CLANG_WARN_COMMA = YES;
				CLANG_WARN_CONSTANT_CONVERSION = YES;
				CLANG_WARN_DEPRECATED_OBJC_IMPLEMENTATIONS = YES;
				CLANG_WARN_DIRECT_OBJC_ISA_USAGE = YES_ERROR;
				CLANG_WARN_DOCUMENTATION_COMMENTS = YES;
				CLANG_WARN_EMPTY_BODY = YES;
				CLANG_WARN_ENUM_CONVERSION = YES;
				CLANG_WARN_INFINITE_RECURSION = YES;
				CLANG_WARN_INT_CONVERSION = YES;
				CLANG_WARN_NON_LITERAL_NULL_CONVERSION = YES;
				CLANG_WARN_OBJC_IMPLICIT_RETAIN_SELF = YES;
				CLANG_WARN_OBJC_LITERAL_CONVERSION = YES;
				CLANG_WARN_OBJC_ROOT_CLASS = YES_ERROR;
				CLANG_WARN_RANGE_LOOP_ANALYSIS = YES;
				CLANG_WARN_STRICT_PROTOTYPES = YES;
				CLANG_WARN_SUSPICIOUS_MOVE = YES;
				CLANG_WARN_UNGUARDED_AVAILABILITY = YES_AGGRESSIVE;
				CLANG_WARN_UNREACHABLE_CODE = YES;
				CLANG_WARN__DUPLICATE_METHOD_MATCH = YES;
				CODE_SIGN_IDENTITY = "iPhone Developer";
				COPY_PHASE_STRIP = NO;
				DEBUG_INFORMATION_FORMAT = "dwarf-with-dsym";
				ENABLE_NS_ASSERTIONS = NO;
				ENABLE_STRICT_OBJC_MSGSEND = YES;
				GCC_C_LANGUAGE_STANDARD = gnu11;
				GCC_NO_COMMON_BLOCKS = YES;
				GCC_WARN_64_TO_32_BIT_CONVERSION = YES;
				GCC_WARN_ABOUT_RETURN_TYPE = YES_ERROR;
				GCC_WARN_UNDECLARED_SELECTOR = YES;
				GCC_WARN_UNINITIALIZED_AUTOS = YES_AGGRESSIVE;
				GCC_WARN_UNUSED_FUNCTION = YES;
				GCC_WARN_UNUSED_VARIABLE = YES;
				IPHONEOS_DEPLOYMENT_TARGET = 12.1;
				MTL_ENABLE_DEBUG_INFO = NO;
				MTL_FAST_MATH = YES;
				SDKROOT = iphoneos;
				SWIFT_COMPILATION_MODE = wholemodule;
				SWIFT_OPTIMIZATION_LEVEL = "-O";
				VALIDATE_PRODUCT = YES;
			};
			name = Release;
		};
		8F03A59321BF803800F466A5 /* Debug */ = {
			isa = XCBuildConfiguration;
			buildSettings = {
				ASSETCATALOG_COMPILER_APPICON_NAME = AppIcon;
				CODE_SIGN_STYLE = Automatic;
				DEVELOPMENT_TEAM = 7WX5S3T4EY;
				INFOPLIST_FILE = RatingsExporter/Info.plist;
				IPHONEOS_DEPLOYMENT_TARGET = 12.1;
				LD_RUNPATH_SEARCH_PATHS = (
					"$(inherited)",
					"@executable_path/Frameworks",
				);
				PRODUCT_BUNDLE_IDENTIFIER = com.bumpsk.RatingsExporter;
				PRODUCT_NAME = "$(TARGET_NAME)";
				SWIFT_VERSION = 5.0;
				TARGETED_DEVICE_FAMILY = "1,2";
			};
			name = Debug;
		};
		8F03A59421BF803800F466A5 /* Release */ = {
			isa = XCBuildConfiguration;
			buildSettings = {
				ASSETCATALOG_COMPILER_APPICON_NAME = AppIcon;
				CODE_SIGN_STYLE = Automatic;
				DEVELOPMENT_TEAM = 7WX5S3T4EY;
				INFOPLIST_FILE = RatingsExporter/Info.plist;
				IPHONEOS_DEPLOYMENT_TARGET = 12.1;
				LD_RUNPATH_SEARCH_PATHS = (
					"$(inherited)",
					"@executable_path/Frameworks",
				);
				PRODUCT_BUNDLE_IDENTIFIER = com.bumpsk.RatingsExporter;
				PRODUCT_NAME = "$(TARGET_NAME)";
				SWIFT_VERSION = 5.0;
				TARGETED_DEVICE_FAMILY = "1,2";
			};
			name = Release;
		};
		8FAF780521C982360066F51A /* Debug */ = {
			isa = XCBuildConfiguration;
			buildSettings = {
				BUNDLE_LOADER = "$(TEST_HOST)";
				CODE_SIGN_STYLE = Automatic;
				DEVELOPMENT_TEAM = 7WX5S3T4EY;
				INFOPLIST_FILE = RatingsExporterTests/Info.plist;
				LD_RUNPATH_SEARCH_PATHS = (
					"$(inherited)",
					"@executable_path/Frameworks",
					"@loader_path/Frameworks",
				);
				PRODUCT_BUNDLE_IDENTIFIER = com.bumpsk.RatingsExporterTests;
				PRODUCT_NAME = "$(TARGET_NAME)";
				SWIFT_VERSION = 5.0;
				TARGETED_DEVICE_FAMILY = "1,2";
				TEST_HOST = "$(BUILT_PRODUCTS_DIR)/RatingsExporter.app/RatingsExporter";
			};
			name = Debug;
		};
		8FAF780621C982360066F51A /* Release */ = {
			isa = XCBuildConfiguration;
			buildSettings = {
				BUNDLE_LOADER = "$(TEST_HOST)";
				CODE_SIGN_STYLE = Automatic;
				DEVELOPMENT_TEAM = 7WX5S3T4EY;
				INFOPLIST_FILE = RatingsExporterTests/Info.plist;
				LD_RUNPATH_SEARCH_PATHS = (
					"$(inherited)",
					"@executable_path/Frameworks",
					"@loader_path/Frameworks",
				);
				PRODUCT_BUNDLE_IDENTIFIER = com.bumpsk.RatingsExporterTests;
				PRODUCT_NAME = "$(TARGET_NAME)";
				SWIFT_VERSION = 5.0;
				TARGETED_DEVICE_FAMILY = "1,2";
				TEST_HOST = "$(BUILT_PRODUCTS_DIR)/RatingsExporter.app/RatingsExporter";
			};
			name = Release;
		};
/* End XCBuildConfiguration section */

/* Begin XCConfigurationList section */
		8F03A57B21BF802700F466A5 /* Build configuration list for PBXProject "RatingsExporter" */ = {
			isa = XCConfigurationList;
			buildConfigurations = (
				8F03A59021BF803800F466A5 /* Debug */,
				8F03A59121BF803800F466A5 /* Release */,
			);
			defaultConfigurationIsVisible = 0;
			defaultConfigurationName = Release;
		};
		8F03A59221BF803800F466A5 /* Build configuration list for PBXNativeTarget "RatingsExporter" */ = {
			isa = XCConfigurationList;
			buildConfigurations = (
				8F03A59321BF803800F466A5 /* Debug */,
				8F03A59421BF803800F466A5 /* Release */,
			);
			defaultConfigurationIsVisible = 0;
			defaultConfigurationName = Release;
		};
		8FAF780421C982360066F51A /* Build configuration list for PBXNativeTarget "RatingsExporterTests" */ = {
			isa = XCConfigurationList;
			buildConfigurations = (
				8FAF780521C982360066F51A /* Debug */,
				8FAF780621C982360066F51A /* Release */,
			);
			defaultConfigurationIsVisible = 0;
			defaultConfigurationName = Release;
		};
/* End XCConfigurationList section */
	};
	rootObject = 8F03A57821BF802700F466A5 /* Project object */;
}
